
Microsoft Visual Studio Solution File, Format Version 12.00
# Visual Studio Version 17
VisualStudioVersion = 17.8.34525.116
MinimumVisualStudioVersion = 10.0.40219.1
Project("{FAE04EC0-301F-11D3-BF4B-00C04F79EFBC}") = "MiniBlogApplication", "MiniBlogApplication\MiniBlogApplication.csproj", "{EA90F9A3-572E-4D09-99D8-AC24F2764711}"
EndProject
Global
	GlobalSection(SolutionConfigurationPlatforms) = preSolution
		Debug|Any CPU = Debug|Any CPU
		Release|Any CPU = Release|Any CPU
	EndGlobalSection
	GlobalSection(ProjectConfigurationPlatforms) = postSolution
		{EA90F9A3-572E-4D09-99D8-AC24F2764711}.Debug|Any CPU.ActiveCfg = Debug|Any CPU
		{EA90F9A3-572E-4D09-99D8-AC24F2764711}.Debug|Any CPU.Build.0 = Debug|Any CPU
		{EA90F9A3-572E-4D09-99D8-AC24F2764711}.Release|Any CPU.ActiveCfg = Release|Any CPU
		{EA90F9A3-572E-4D09-99D8-AC24F2764711}.Release|Any CPU.Build.0 = Release|Any CPU
	EndGlobalSection
	GlobalSection(SolutionProperties) = preSolution
		HideSolutionNode = FALSE
	EndGlobalSection
	GlobalSection(ExtensibilityGlobals) = postSolution
		SolutionGuid = {C73A5747-1D39-4A6C-B29A-279F7915CF33}
	EndGlobalSection
EndGlobal
